// !$*UTF8*$!
{
	archiveVersion = 1;
	classes = {
	};
	objectVersion = 46;
	objects = {

/* Begin PBXBuildFile section */
		571FC2311E91F76C004FE613 /* AppDelegate.swift in Sources */ = {isa = PBXBuildFile; fileRef = 571FC2301E91F76C004FE613 /* AppDelegate.swift */; };
		571FC2331E91F76C004FE613 /* RepositoriesViewController.swift in Sources */ = {isa = PBXBuildFile; fileRef = 571FC2321E91F76C004FE613 /* RepositoriesViewController.swift */; };
		571FC2361E91F76C004FE613 /* Main.storyboard in Resources */ = {isa = PBXBuildFile; fileRef = 571FC2341E91F76C004FE613 /* Main.storyboard */; };
		571FC2381E91F76C004FE613 /* Assets.xcassets in Resources */ = {isa = PBXBuildFile; fileRef = 571FC2371E91F76C004FE613 /* Assets.xcassets */; };
		571FC23B1E91F76C004FE613 /* LaunchScreen.storyboard in Resources */ = {isa = PBXBuildFile; fileRef = 571FC2391E91F76C004FE613 /* LaunchScreen.storyboard */; };
		571FC2491E91F803004FE613 /* Cartfile in Resources */ = {isa = PBXBuildFile; fileRef = 571FC2481E91F803004FE613 /* Cartfile */; };
		57DB81921E9236BF002B1E15 /* Alamofire.framework in Frameworks */ = {isa = PBXBuildFile; fileRef = 57DB818D1E9236BF002B1E15 /* Alamofire.framework */; };
		57DB81931E9236BF002B1E15 /* RxAlamofire.framework in Frameworks */ = {isa = PBXBuildFile; fileRef = 57DB818E1E9236BF002B1E15 /* RxAlamofire.framework */; };
		57DB81941E9236BF002B1E15 /* ObjectMapper.framework in Frameworks */ = {isa = PBXBuildFile; fileRef = 57DB818F1E9236BF002B1E15 /* ObjectMapper.framework */; };
		57DB81951E9236BF002B1E15 /* RxSwift.framework in Frameworks */ = {isa = PBXBuildFile; fileRef = 57DB81901E9236BF002B1E15 /* RxSwift.framework */; };
		57DB81961E9236BF002B1E15 /* RxCocoa.framework in Frameworks */ = {isa = PBXBuildFile; fileRef = 57DB81911E9236BF002B1E15 /* RxCocoa.framework */; };
		57DB819A1E923848002B1E15 /* Repository.swift in Sources */ = {isa = PBXBuildFile; fileRef = 57DB81991E923848002B1E15 /* Repository.swift */; };
		57DB819C1E923969002B1E15 /* RepositoryNetworkModel.swift in Sources */ = {isa = PBXBuildFile; fileRef = 57DB819B1E923969002B1E15 /* RepositoryNetworkModel.swift */; };
/* End PBXBuildFile section */

/* Begin PBXFileReference section */
		571FC22D1E91F76C004FE613 /* RxSwiftByExample#4.app */ = {isa = PBXFileReference; explicitFileType = wrapper.application; includeInIndex = 0; path = "RxSwiftByExample#4.app"; sourceTree = BUILT_PRODUCTS_DIR; };
		571FC2301E91F76C004FE613 /* AppDelegate.swift */ = {isa = PBXFileReference; lastKnownFileType = sourcecode.swift; path = AppDelegate.swift; sourceTree = "<group>"; };
		571FC2321E91F76C004FE613 /* RepositoriesViewController.swift */ = {isa = PBXFileReference; lastKnownFileType = sourcecode.swift; path = RepositoriesViewController.swift; sourceTree = "<group>"; };
		571FC2351E91F76C004FE613 /* Base */ = {isa = PBXFileReference; lastKnownFileType = file.storyboard; name = Base; path = Base.lproj/Main.storyboard; sourceTree = "<group>"; };
		571FC2371E91F76C004FE613 /* Assets.xcassets */ = {isa = PBXFileReference; lastKnownFileType = folder.assetcatalog; path = Assets.xcassets; sourceTree = "<group>"; };
		571FC23A1E91F76C004FE613 /* Base */ = {isa = PBXFileReference; lastKnownFileType = file.storyboard; name = Base; path = Base.lproj/LaunchScreen.storyboard; sourceTree = "<group>"; };
		571FC23C1E91F76C004FE613 /* Info.plist */ = {isa = PBXFileReference; lastKnownFileType = text.plist.xml; path = Info.plist; sourceTree = "<group>"; };
		571FC2481E91F803004FE613 /* Cartfile */ = {isa = PBXFileReference; fileEncoding = 4; lastKnownFileType = text; path = Cartfile; sourceTree = SOURCE_ROOT; };
		57DB818D1E9236BF002B1E15 /* Alamofire.framework */ = {isa = PBXFileReference; lastKnownFileType = wrapper.framework; name = Alamofire.framework; path = Carthage/Build/iOS/Alamofire.framework; sourceTree = "<group>"; };
		57DB818E1E9236BF002B1E15 /* RxAlamofire.framework */ = {isa = PBXFileReference; lastKnownFileType = wrapper.framework; name = RxAlamofire.framework; path = Carthage/Build/iOS/RxAlamofire.framework; sourceTree = "<group>"; };
		57DB818F1E9236BF002B1E15 /* ObjectMapper.framework */ = {isa = PBXFileReference; lastKnownFileType = wrapper.framework; name = ObjectMapper.framework; path = Carthage/Build/iOS/ObjectMapper.framework; sourceTree = "<group>"; };
		57DB81901E9236BF002B1E15 /* RxSwift.framework */ = {isa = PBXFileReference; lastKnownFileType = wrapper.framework; name = RxSwift.framework; path = Carthage/Build/iOS/RxSwift.framework; sourceTree = "<group>"; };
		57DB81911E9236BF002B1E15 /* RxCocoa.framework */ = {isa = PBXFileReference; lastKnownFileType = wrapper.framework; name = RxCocoa.framework; path = Carthage/Build/iOS/RxCocoa.framework; sourceTree = "<group>"; };
		57DB81991E923848002B1E15 /* Repository.swift */ = {isa = PBXFileReference; fileEncoding = 4; lastKnownFileType = sourcecode.swift; path = Repository.swift; sourceTree = "<group>"; };
		57DB819B1E923969002B1E15 /* RepositoryNetworkModel.swift */ = {isa = PBXFileReference; fileEncoding = 4; lastKnownFileType = sourcecode.swift; path = RepositoryNetworkModel.swift; sourceTree = "<group>"; };
/* End PBXFileReference section */

/* Begin PBXFrameworksBuildPhase section */
		571FC22A1E91F76C004FE613 /* Frameworks */ = {
			isa = PBXFrameworksBuildPhase;
			buildActionMask = 2147483647;
			files = (
				57DB81921E9236BF002B1E15 /* Alamofire.framework in Frameworks */,
				57DB81931E9236BF002B1E15 /* RxAlamofire.framework in Frameworks */,
				57DB81941E9236BF002B1E15 /* ObjectMapper.framework in Frameworks */,
				57DB81951E9236BF002B1E15 /* RxSwift.framework in Frameworks */,
				57DB81961E9236BF002B1E15 /* RxCocoa.framework in Frameworks */,
			);
			runOnlyForDeploymentPostprocessing = 0;
		};
/* End PBXFrameworksBuildPhase section */

/* Begin PBXGroup section */
		571FC2241E91F76C004FE613 = {
			isa = PBXGroup;
			children = (
				571FC22F1E91F76C004FE613 /* RxSwiftByExample#4 */,
				571FC22E1E91F76C004FE613 /* Products */,
				57DB818C1E9236BF002B1E15 /* Frameworks */,
			);
			sourceTree = "<group>";
		};
		571FC22E1E91F76C004FE613 /* Products */ = {
			isa = PBXGroup;
			children = (
				571FC22D1E91F76C004FE613 /* RxSwiftByExample#4.app */,
			);
			name = Products;
			sourceTree = "<group>";
		};
		571FC22F1E91F76C004FE613 /* RxSwiftByExample#4 */ = {
			isa = PBXGroup;
			children = (
				57DB81981E92383F002B1E15 /* Model */,
				571FC2451E91F78F004FE613 /* App Delegate */,
				571FC2441E91F785004FE613 /* View Controllers */,
				571FC2431E91F77F004FE613 /* Storyboards */,
				571FC2371E91F76C004FE613 /* Assets.xcassets */,
				571FC2421E91F776004FE613 /* Support Files */,
			);
			path = "RxSwiftByExample#4";
			sourceTree = "<group>";
		};
		571FC2421E91F776004FE613 /* Support Files */ = {
			isa = PBXGroup;
			children = (
				571FC23C1E91F76C004FE613 /* Info.plist */,
				571FC2481E91F803004FE613 /* Cartfile */,
			);
			name = "Support Files";
			sourceTree = "<group>";
		};
		571FC2431E91F77F004FE613 /* Storyboards */ = {
			isa = PBXGroup;
			children = (
				571FC2341E91F76C004FE613 /* Main.storyboard */,
				571FC2391E91F76C004FE613 /* LaunchScreen.storyboard */,
			);
			name = Storyboards;
			sourceTree = "<group>";
		};
		571FC2441E91F785004FE613 /* View Controllers */ = {
			isa = PBXGroup;
			children = (
				571FC2321E91F76C004FE613 /* RepositoriesViewController.swift */,
			);
			name = "View Controllers";
			sourceTree = "<group>";
		};
		571FC2451E91F78F004FE613 /* App Delegate */ = {
			isa = PBXGroup;
			children = (
				571FC2301E91F76C004FE613 /* AppDelegate.swift */,
			);
			name = "App Delegate";
			sourceTree = "<group>";
		};
		57DB818C1E9236BF002B1E15 /* Frameworks */ = {
			isa = PBXGroup;
			children = (
				57DB818D1E9236BF002B1E15 /* Alamofire.framework */,
				57DB818E1E9236BF002B1E15 /* RxAlamofire.framework */,
				57DB818F1E9236BF002B1E15 /* ObjectMapper.framework */,
				57DB81901E9236BF002B1E15 /* RxSwift.framework */,
				57DB81911E9236BF002B1E15 /* RxCocoa.framework */,
			);
			name = Frameworks;
			sourceTree = "<group>";
		};
		57DB81981E92383F002B1E15 /* Model */ = {
			isa = PBXGroup;
			children = (
				57DB81991E923848002B1E15 /* Repository.swift */,
				57DB819B1E923969002B1E15 /* RepositoryNetworkModel.swift */,
			);
			name = Model;
			sourceTree = "<group>";
		};
/* End PBXGroup section */

/* Begin PBXNativeTarget section */
		571FC22C1E91F76C004FE613 /* RxSwiftByExample#4 */ = {
			isa = PBXNativeTarget;
			buildConfigurationList = 571FC23F1E91F76C004FE613 /* Build configuration list for PBXNativeTarget "RxSwiftByExample#4" */;
			buildPhases = (
				571FC2291E91F76C004FE613 /* Sources */,
				571FC22A1E91F76C004FE613 /* Frameworks */,
				571FC22B1E91F76C004FE613 /* Resources */,
				57DB81971E9236DE002B1E15 /* Carthage Script */,
			);
			buildRules = (
			);
			dependencies = (
			);
			name = "RxSwiftByExample#4";
			productName = "RxSwiftByExample#4";
			productReference = 571FC22D1E91F76C004FE613 /* RxSwiftByExample#4.app */;
			productType = "com.apple.product-type.application";
		};
/* End PBXNativeTarget section */

/* Begin PBXProject section */
		571FC2251E91F76C004FE613 /* Project object */ = {
			isa = PBXProject;
			attributes = {
				LastSwiftUpdateCheck = 0820;
				LastUpgradeCheck = 0820;
				ORGANIZATIONNAME = Heaven;
				TargetAttributes = {
					571FC22C1E91F76C004FE613 = {
						CreatedOnToolsVersion = 8.2.1;
						ProvisioningStyle = Automatic;
					};
				};
			};
			buildConfigurationList = 571FC2281E91F76C004FE613 /* Build configuration list for PBXProject "RxSwiftByExample#4" */;
			compatibilityVersion = "Xcode 3.2";
			developmentRegion = English;
			hasScannedForEncodings = 0;
			knownRegions = (
				en,
				Base,
			);
			mainGroup = 571FC2241E91F76C004FE613;
			productRefGroup = 571FC22E1E91F76C004FE613 /* Products */;
			projectDirPath = "";
			projectRoot = "";
			targets = (
				571FC22C1E91F76C004FE613 /* RxSwiftByExample#4 */,
			);
		};
/* End PBXProject section */

/* Begin PBXResourcesBuildPhase section */
		571FC22B1E91F76C004FE613 /* Resources */ = {
			isa = PBXResourcesBuildPhase;
			buildActionMask = 2147483647;
			files = (
				571FC2491E91F803004FE613 /* Cartfile in Resources */,
				571FC23B1E91F76C004FE613 /* LaunchScreen.storyboard in Resources */,
				571FC2381E91F76C004FE613 /* Assets.xcassets in Resources */,
				571FC2361E91F76C004FE613 /* Main.storyboard in Resources */,
			);
			runOnlyForDeploymentPostprocessing = 0;
		};
/* End PBXResourcesBuildPhase section */

/* Begin PBXShellScriptBuildPhase section */
		57DB81971E9236DE002B1E15 /* Carthage Script */ = {
			isa = PBXShellScriptBuildPhase;
			buildActionMask = 2147483647;
			files = (
			);
			inputPaths = (
				"$(SRCROOT)/Carthage/Build/iOS/Alamofire.framework",
				"$(SRCROOT)/Carthage/Build/iOS/RxAlamofire.framework",
				"$(SRCROOT)/Carthage/Build/iOS/ObjectMapper.framework",
				"$(SRCROOT)/Carthage/Build/iOS/RxSwift.framework",
				"$(SRCROOT)/Carthage/Build/iOS/RxCocoa.framework",
			);
			name = "Carthage Script";
			outputPaths = (
			);
			runOnlyForDeploymentPostprocessing = 0;
			shellPath = /bin/sh;
			shellScript = "/usr/local/bin/carthage copy-frameworks\n";
		};
/* End PBXShellScriptBuildPhase section */

/* Begin PBXSourcesBuildPhase section */
		571FC2291E91F76C004FE613 /* Sources */ = {
			isa = PBXSourcesBuildPhase;
			buildActionMask = 2147483647;
			files = (
				571FC2331E91F76C004FE613 /* RepositoriesViewController.swift in Sources */,
				571FC2311E91F76C004FE613 /* AppDelegate.swift in Sources */,
				57DB819C1E923969002B1E15 /* RepositoryNetworkModel.swift in Sources */,
				57DB819A1E923848002B1E15 /* Repository.swift in Sources */,
			);
			runOnlyForDeploymentPostprocessing = 0;
		};
/* End PBXSourcesBuildPhase section */

/* Begin PBXVariantGroup section */
		571FC2341E91F76C004FE613 /* Main.storyboard */ = {
			isa = PBXVariantGroup;
			children = (
				571FC2351E91F76C004FE613 /* Base */,
			);
			name = Main.storyboard;
			sourceTree = "<group>";
		};
		571FC2391E91F76C004FE613 /* LaunchScreen.storyboard */ = {
			isa = PBXVariantGroup;
			children = (
				571FC23A1E91F76C004FE613 /* Base */,
			);
			name = LaunchScreen.storyboard;
			sourceTree = "<group>";
		};
/* End PBXVariantGroup section */

/* Begin XCBuildConfiguration section */
		571FC23D1E91F76C004FE613 /* Debug */ = {
			isa = XCBuildConfiguration;
			buildSettings = {
				ALWAYS_SEARCH_USER_PATHS = NO;
				CLANG_ANALYZER_NONNULL = YES;
				CLANG_CXX_LANGUAGE_STANDARD = "gnu++0x";
				CLANG_CXX_LIBRARY = "libc++";
				CLANG_ENABLE_MODULES = YES;
				CLANG_ENABLE_OBJC_ARC = YES;
				CLANG_WARN_BOOL_CONVERSION = YES;
				CLANG_WARN_CONSTANT_CONVERSION = YES;
				CLANG_WARN_DIRECT_OBJC_ISA_USAGE = YES_ERROR;
				CLANG_WARN_DOCUMENTATION_COMMENTS = YES;
				CLANG_WARN_EMPTY_BODY = YES;
				CLANG_WARN_ENUM_CONVERSION = YES;
				CLANG_WARN_INFINITE_RECURSION = YES;
				CLANG_WARN_INT_CONVERSION = YES;
				CLANG_WARN_OBJC_ROOT_CLASS = YES_ERROR;
				CLANG_WARN_SUSPICIOUS_MOVE = YES;
				CLANG_WARN_UNREACHABLE_CODE = YES;
				CLANG_WARN__DUPLICATE_METHOD_MATCH = YES;
				"CODE_SIGN_IDENTITY[sdk=iphoneos*]" = "iPhone Developer";
				COPY_PHASE_STRIP = NO;
				DEBUG_INFORMATION_FORMAT = dwarf;
				ENABLE_STRICT_OBJC_MSGSEND = YES;
				ENABLE_TESTABILITY = YES;
				GCC_C_LANGUAGE_STANDARD = gnu99;
				GCC_DYNAMIC_NO_PIC = NO;
				GCC_NO_COMMON_BLOCKS = YES;
				GCC_OPTIMIZATION_LEVEL = 0;
				GCC_PREPROCESSOR_DEFINITIONS = (
					"DEBUG=1",
					"$(inherited)",
				);
				GCC_WARN_64_TO_32_BIT_CONVERSION = YES;
				GCC_WARN_ABOUT_RETURN_TYPE = YES_ERROR;
				GCC_WARN_UNDECLARED_SELECTOR = YES;
				GCC_WARN_UNINITIALIZED_AUTOS = YES_AGGRESSIVE;
				GCC_WARN_UNUSED_FUNCTION = YES;
				GCC_WARN_UNUSED_VARIABLE = YES;
				IPHONEOS_DEPLOYMENT_TARGET = 10.2;
				MTL_ENABLE_DEBUG_INFO = YES;
				ONLY_ACTIVE_ARCH = YES;
				SDKROOT = iphoneos;
				SWIFT_ACTIVE_COMPILATION_CONDITIONS = DEBUG;
				SWIFT_OPTIMIZATION_LEVEL = "-Onone";
			};
			name = Debug;
		};
		571FC23E1E91F76C004FE613 /* Release */ = {
			isa = XCBuildConfiguration;
			buildSettings = {
				ALWAYS_SEARCH_USER_PATHS = NO;
				CLANG_ANALYZER_NONNULL = YES;
				CLANG_CXX_LANGUAGE_STANDARD = "gnu++0x";
				CLANG_CXX_LIBRARY = "libc++";
				CLANG_ENABLE_MODULES = YES;
				CLANG_ENABLE_OBJC_ARC = YES;
				CLANG_WARN_BOOL_CONVERSION = YES;
				CLANG_WARN_CONSTANT_CONVERSION = YES;
				CLANG_WARN_DIRECT_OBJC_ISA_USAGE = YES_ERROR;
				CLANG_WARN_DOCUMENTATION_COMMENTS = YES;
				CLANG_WARN_EMPTY_BODY = YES;
				CLANG_WARN_ENUM_CONVERSION = YES;
				CLANG_WARN_INFINITE_RECURSION = YES;
				CLANG_WARN_INT_CONVERSION = YES;
				CLANG_WARN_OBJC_ROOT_CLASS = YES_ERROR;
				CLANG_WARN_SUSPICIOUS_MOVE = YES;
				CLANG_WARN_UNREACHABLE_CODE = YES;
				CLANG_WARN__DUPLICATE_METHOD_MATCH = YES;
				"CODE_SIGN_IDENTITY[sdk=iphoneos*]" = "iPhone Developer";
				COPY_PHASE_STRIP = NO;
				DEBUG_INFORMATION_FORMAT = "dwarf-with-dsym";
				ENABLE_NS_ASSERTIONS = NO;
				ENABLE_STRICT_OBJC_MSGSEND = YES;
				GCC_C_LANGUAGE_STANDARD = gnu99;
				GCC_NO_COMMON_BLOCKS = YES;
				GCC_WARN_64_TO_32_BIT_CONVERSION = YES;
				GCC_WARN_ABOUT_RETURN_TYPE = YES_ERROR;
				GCC_WARN_UNDECLARED_SELECTOR = YES;
				GCC_WARN_UNINITIALIZED_AUTOS = YES_AGGRESSIVE;
				GCC_WARN_UNUSED_FUNCTION = YES;
				GCC_WARN_UNUSED_VARIABLE = YES;
				IPHONEOS_DEPLOYMENT_TARGET = 10.2;
				MTL_ENABLE_DEBUG_INFO = NO;
				SDKROOT = iphoneos;
				SWIFT_OPTIMIZATION_LEVEL = "-Owholemodule";
				VALIDATE_PRODUCT = YES;
			};
			name = Release;
		};
		571FC2401E91F76C004FE613 /* Debug */ = {
			isa = XCBuildConfiguration;
			buildSettings = {
				ASSETCATALOG_COMPILER_APPICON_NAME = AppIcon;
				FRAMEWORK_SEARCH_PATHS = (
					"$(inherited)",
					"$(PROJECT_DIR)/Carthage/Build/iOS",
				);
				INFOPLIST_FILE = "RxSwiftByExample#4/Info.plist";
				LD_RUNPATH_SEARCH_PATHS = "$(inherited) @executable_path/Frameworks";
				PRODUCT_BUNDLE_IDENTIFIER = "io.github.heaven-sweetie.RxSwiftByExample-4";
				PRODUCT_NAME = "$(TARGET_NAME)";
				SWIFT_VERSION = 3.0;
			};
			name = Debug;
		};
		571FC2411E91F76C004FE613 /* Release */ = {
			isa = XCBuildConfiguration;
			buildSettings = {
				ASSETCATALOG_COMPILER_APPICON_NAME = AppIcon;
				FRAMEWORK_SEARCH_PATHS = (
					"$(inherited)",
					"$(PROJECT_DIR)/Carthage/Build/iOS",
				);
				INFOPLIST_FILE = "RxSwiftByExample#4/Info.plist";
				LD_RUNPATH_SEARCH_PATHS = "$(inherited) @executable_path/Frameworks";
				PRODUCT_BUNDLE_IDENTIFIER = "io.github.heaven-sweetie.RxSwiftByExample-4";
				PRODUCT_NAME = "$(TARGET_NAME)";
				SWIFT_VERSION = 3.0;
			};
			name = Release;
		};
/* End XCBuildConfiguration section */

/* Begin XCConfigurationList section */
		571FC2281E91F76C004FE613 /* Build configuration list for PBXProject "RxSwiftByExample#4" */ = {
			isa = XCConfigurationList;
			buildConfigurations = (
				571FC23D1E91F76C004FE613 /* Debug */,
				571FC23E1E91F76C004FE613 /* Release */,
			);
			defaultConfigurationIsVisible = 0;
			defaultConfigurationName = Release;
		};
		571FC23F1E91F76C004FE613 /* Build configuration list for PBXNativeTarget "RxSwiftByExample#4" */ = {
			isa = XCConfigurationList;
			buildConfigurations = (
				571FC2401E91F76C004FE613 /* Debug */,
				571FC2411E91F76C004FE613 /* Release */,
			);
			defaultConfigurationIsVisible = 0;
			defaultConfigurationName = Release;
		};
/* End XCConfigurationList section */
	};
	rootObject = 571FC2251E91F76C004FE613 /* Project object */;
}
